
Microsoft Visual Studio Solution File, Format Version 12.00
# Visual Studio Version 17
VisualStudioVersion = 17.0.31903.59
MinimumVisualStudioVersion = 10.0.40219.1
Project("{2150E333-8FDC-42A3-9474-1A3956D46DE8}") = "Tests", "Tests", "{668B2F90-BE24-4EFF-B208-E6F057AA7BF5}"
EndProject
Project("{9A19103F-16F7-4668-BE54-9A1E7A4F7556}") = "UnitTests", "Tests\UnitTests\UnitTests.csproj", "{FE7891C4-080D-4655-9322-7D7C4712EBB8}"
EndProject
Project("{9A19103F-16F7-4668-BE54-9A1E7A4F7556}") = "ComponentTests", "Tests\ComponentTests\ComponentTests.csproj", "{2E376F8B-0707-4A29-928B-9144B81ED066}"
EndProject
Project("{9A19103F-16F7-4668-BE54-9A1E7A4F7556}") = "WebApi", "WebApi\WebApi.csproj", "{2EDB0738-9347-4A19-B517-3FE398848A3E}"
EndProject
Project("{9A19103F-16F7-4668-BE54-9A1E7A4F7556}") = "Models", "Models\Models.csproj", "{AE050F8D-E721-4FF7-AC53-175D7B4C5918}"
EndProject
Project("{9A19103F-16F7-4668-BE54-9A1E7A4F7556}") = "Services", "Services\Services.csproj", "{8D6AC199-F32E-48BE-B10F-480B665C5E26}"
EndProject
Project("{2150E333-8FDC-42A3-9474-1A3956D46DE8}") = "DataLayer", "DataLayer", "{AA0C515F-D389-4F0D-B06D-376446038449}"
EndProject
Project("{9A19103F-16F7-4668-BE54-9A1E7A4F7556}") = "DBContexts", "DBContexts\DBContexts.csproj", "{04375534-F3A6-43B4-8BF6-6084BF033B95}"
EndProject
Project("{9A19103F-16F7-4668-BE54-9A1E7A4F7556}") = "QueueService", "QueueService\QueueService.csproj", "{53F2F2FF-0545-4F6A-9DD7-47E6A2BBA47C}"
EndProject
Project("{2150E333-8FDC-42A3-9474-1A3956D46DE8}") = "Solution Items", "Solution Items", "{EF2B2F98-4392-4AFD-8CF4-017382D00489}"
	ProjectSection(SolutionItems) = preProject
		README.md = README.md
	EndProjectSection
EndProject
Global
	GlobalSection(SolutionConfigurationPlatforms) = preSolution
		Debug|Any CPU = Debug|Any CPU
		Release|Any CPU = Release|Any CPU
	EndGlobalSection
	GlobalSection(ProjectConfigurationPlatforms) = postSolution
		{FE7891C4-080D-4655-9322-7D7C4712EBB8}.Debug|Any CPU.ActiveCfg = Debug|Any CPU
		{FE7891C4-080D-4655-9322-7D7C4712EBB8}.Debug|Any CPU.Build.0 = Debug|Any CPU
		{FE7891C4-080D-4655-9322-7D7C4712EBB8}.Release|Any CPU.ActiveCfg = Release|Any CPU
		{FE7891C4-080D-4655-9322-7D7C4712EBB8}.Release|Any CPU.Build.0 = Release|Any CPU
		{2E376F8B-0707-4A29-928B-9144B81ED066}.Debug|Any CPU.ActiveCfg = Debug|Any CPU
		{2E376F8B-0707-4A29-928B-9144B81ED066}.Debug|Any CPU.Build.0 = Debug|Any CPU
		{2E376F8B-0707-4A29-928B-9144B81ED066}.Release|Any CPU.ActiveCfg = Release|Any CPU
		{2E376F8B-0707-4A29-928B-9144B81ED066}.Release|Any CPU.Build.0 = Release|Any CPU
		{2EDB0738-9347-4A19-B517-3FE398848A3E}.Debug|Any CPU.ActiveCfg = Debug|Any CPU
		{2EDB0738-9347-4A19-B517-3FE398848A3E}.Debug|Any CPU.Build.0 = Debug|Any CPU
		{2EDB0738-9347-4A19-B517-3FE398848A3E}.Release|Any CPU.ActiveCfg = Release|Any CPU
		{2EDB0738-9347-4A19-B517-3FE398848A3E}.Release|Any CPU.Build.0 = Release|Any CPU
		{AE050F8D-E721-4FF7-AC53-175D7B4C5918}.Debug|Any CPU.ActiveCfg = Debug|Any CPU
		{AE050F8D-E721-4FF7-AC53-175D7B4C5918}.Debug|Any CPU.Build.0 = Debug|Any CPU
		{AE050F8D-E721-4FF7-AC53-175D7B4C5918}.Release|Any CPU.ActiveCfg = Release|Any CPU
		{AE050F8D-E721-4FF7-AC53-175D7B4C5918}.Release|Any CPU.Build.0 = Release|Any CPU
		{8D6AC199-F32E-48BE-B10F-480B665C5E26}.Debug|Any CPU.ActiveCfg = Debug|Any CPU
		{8D6AC199-F32E-48BE-B10F-480B665C5E26}.Debug|Any CPU.Build.0 = Debug|Any CPU
		{8D6AC199-F32E-48BE-B10F-480B665C5E26}.Release|Any CPU.ActiveCfg = Release|Any CPU
		{8D6AC199-F32E-48BE-B10F-480B665C5E26}.Release|Any CPU.Build.0 = Release|Any CPU
		{04375534-F3A6-43B4-8BF6-6084BF033B95}.Debug|Any CPU.ActiveCfg = Debug|Any CPU
		{04375534-F3A6-43B4-8BF6-6084BF033B95}.Debug|Any CPU.Build.0 = Debug|Any CPU
		{04375534-F3A6-43B4-8BF6-6084BF033B95}.Release|Any CPU.ActiveCfg = Release|Any CPU
		{04375534-F3A6-43B4-8BF6-6084BF033B95}.Release|Any CPU.Build.0 = Release|Any CPU
		{53F2F2FF-0545-4F6A-9DD7-47E6A2BBA47C}.Debug|Any CPU.ActiveCfg = Debug|Any CPU
		{53F2F2FF-0545-4F6A-9DD7-47E6A2BBA47C}.Debug|Any CPU.Build.0 = Debug|Any CPU
		{53F2F2FF-0545-4F6A-9DD7-47E6A2BBA47C}.Release|Any CPU.ActiveCfg = Release|Any CPU
		{53F2F2FF-0545-4F6A-9DD7-47E6A2BBA47C}.Release|Any CPU.Build.0 = Release|Any CPU
	EndGlobalSection
	GlobalSection(SolutionProperties) = preSolution
		HideSolutionNode = FALSE
	EndGlobalSection
	GlobalSection(NestedProjects) = preSolution
		{FE7891C4-080D-4655-9322-7D7C4712EBB8} = {668B2F90-BE24-4EFF-B208-E6F057AA7BF5}
		{2E376F8B-0707-4A29-928B-9144B81ED066} = {668B2F90-BE24-4EFF-B208-E6F057AA7BF5}
		{04375534-F3A6-43B4-8BF6-6084BF033B95} = {AA0C515F-D389-4F0D-B06D-376446038449}
		{53F2F2FF-0545-4F6A-9DD7-47E6A2BBA47C} = {AA0C515F-D389-4F0D-B06D-376446038449}
	EndGlobalSection
	GlobalSection(ExtensibilityGlobals) = postSolution
		SolutionGuid = {BD872099-E2FA-4CA7-9415-E4C979F3FBEC}
	EndGlobalSection
EndGlobal
